
Microsoft Visual Studio Solution File, Format Version 12.00
# Visual Studio 15
VisualStudioVersion = 15.0.28307.1259
MinimumVisualStudioVersion = 10.0.40219.1
Project("{FAE04EC0-301F-11D3-BF4B-00C04F79EFBC}") = "ANGGKT_04", "ANGGKT_04\ANGGKT_04.csproj", "{EB914AF8-83C7-457E-A368-FE9ACA1DFA4C}"
EndProject
Global
	GlobalSection(SolutionConfigurationPlatforms) = preSolution
		Debug|Any CPU = Debug|Any CPU
		Release|Any CPU = Release|Any CPU
	EndGlobalSection
	GlobalSection(ProjectConfigurationPlatforms) = postSolution
		{EB914AF8-83C7-457E-A368-FE9ACA1DFA4C}.Debug|Any CPU.ActiveCfg = Debug|Any CPU
		{EB914AF8-83C7-457E-A368-FE9ACA1DFA4C}.Debug|Any CPU.Build.0 = Debug|Any CPU
		{EB914AF8-83C7-457E-A368-FE9ACA1DFA4C}.Release|Any CPU.ActiveCfg = Release|Any CPU
		{EB914AF8-83C7-457E-A368-FE9ACA1DFA4C}.Release|Any CPU.Build.0 = Release|Any CPU
	EndGlobalSection
	GlobalSection(SolutionProperties) = preSolution
		HideSolutionNode = FALSE
	EndGlobalSection
	GlobalSection(ExtensibilityGlobals) = postSolution
		SolutionGuid = {4155F487-C843-4E6B-A5F3-2DA8FFB60BA8}
	EndGlobalSection
EndGlobal
